PODS:
  - BFPaperButton (2.1.1)
  - NBMaterialDialogIOS (0.3.0):
    - BFPaperButton (~> 2.1.1)

DEPENDENCIES:
  - BFPaperButton (~> 2.1.1)
  - NBMaterialDialogIOS (from `../`)

EXTERNAL SOURCES:
  NBMaterialDialogIOS:
    :path: "../"

SPEC CHECKSUMS:
  BFPaperButton: c76835e789669f64d600dc68934cc60fbb550bb9
  NBMaterialDialogIOS: b7f2f7d272379451cdbad21559682d3beafe590b

PODFILE CHECKSUM: 1d9019bc53d18b95c988b261d007837da5c6a50f

COCOAPODS: 1.1.1
